// !$*UTF8*$!
{
	archiveVersion = 1;
	classes = {
	};
	objectVersion = 50;
	objects = {

/* Begin PBXBuildFile section */
		5DA8EC9BA890632B24124CF8 /* Pods_SudokuParser.framework in Frameworks */ = {isa = PBXBuildFile; fileRef = CBF439C842367994862068FA /* Pods_SudokuParser.framework */; };
		D569A6A0241F77E000A8D9B3 /* numbers.mlmodel in Sources */ = {isa = PBXBuildFile; fileRef = D569A69F241F77E000A8D9B3 /* numbers.mlmodel */; };
		D579103F241F0746000129CC /* AppDelegate.swift in Sources */ = {isa = PBXBuildFile; fileRef = D579103E241F0746000129CC /* AppDelegate.swift */; };
		D5791041241F0746000129CC /* SceneDelegate.swift in Sources */ = {isa = PBXBuildFile; fileRef = D5791040241F0746000129CC /* SceneDelegate.swift */; };
		D5791043241F0746000129CC /* ViewController.swift in Sources */ = {isa = PBXBuildFile; fileRef = D5791042241F0746000129CC /* ViewController.swift */; };
		D5791046241F0746000129CC /* Main.storyboard in Resources */ = {isa = PBXBuildFile; fileRef = D5791044241F0746000129CC /* Main.storyboard */; };
		D5791048241F0748000129CC /* Assets.xcassets in Resources */ = {isa = PBXBuildFile; fileRef = D5791047241F0748000129CC /* Assets.xcassets */; };
		D579104B241F0748000129CC /* LaunchScreen.storyboard in Resources */ = {isa = PBXBuildFile; fileRef = D5791049241F0748000129CC /* LaunchScreen.storyboard */; };
		D5D14A702420B1ED009A6AC1 /* MNIST.mlmodel in Sources */ = {isa = PBXBuildFile; fileRef = D5D14A6F2420B1ED009A6AC1 /* MNIST.mlmodel */; };
/* End PBXBuildFile section */

/* Begin PBXFileReference section */
		BF20FBD017F9A9ED184511BA /* Pods-SudokuParser.release.xcconfig */ = {isa = PBXFileReference; includeInIndex = 1; lastKnownFileType = text.xcconfig; name = "Pods-SudokuParser.release.xcconfig"; path = "Target Support Files/Pods-SudokuParser/Pods-SudokuParser.release.xcconfig"; sourceTree = "<group>"; };
		CBF439C842367994862068FA /* Pods_SudokuParser.framework */ = {isa = PBXFileReference; explicitFileType = wrapper.framework; includeInIndex = 0; path = Pods_SudokuParser.framework; sourceTree = BUILT_PRODUCTS_DIR; };
		D569A69F241F77E000A8D9B3 /* numbers.mlmodel */ = {isa = PBXFileReference; lastKnownFileType = file.mlmodel; path = numbers.mlmodel; sourceTree = "<group>"; };
		D579103B241F0746000129CC /* SudokuParser.app */ = {isa = PBXFileReference; explicitFileType = wrapper.application; includeInIndex = 0; path = SudokuParser.app; sourceTree = BUILT_PRODUCTS_DIR; };
		D579103E241F0746000129CC /* AppDelegate.swift */ = {isa = PBXFileReference; lastKnownFileType = sourcecode.swift; path = AppDelegate.swift; sourceTree = "<group>"; };
		D5791040241F0746000129CC /* SceneDelegate.swift */ = {isa = PBXFileReference; lastKnownFileType = sourcecode.swift; path = SceneDelegate.swift; sourceTree = "<group>"; };
		D5791042241F0746000129CC /* ViewController.swift */ = {isa = PBXFileReference; lastKnownFileType = sourcecode.swift; path = ViewController.swift; sourceTree = "<group>"; };
		D5791045241F0746000129CC /* Base */ = {isa = PBXFileReference; lastKnownFileType = file.storyboard; name = Base; path = Base.lproj/Main.storyboard; sourceTree = "<group>"; };
		D5791047241F0748000129CC /* Assets.xcassets */ = {isa = PBXFileReference; lastKnownFileType = folder.assetcatalog; path = Assets.xcassets; sourceTree = "<group>"; };
		D579104A241F0748000129CC /* Base */ = {isa = PBXFileReference; lastKnownFileType = file.storyboard; name = Base; path = Base.lproj/LaunchScreen.storyboard; sourceTree = "<group>"; };
		D579104C241F0748000129CC /* Info.plist */ = {isa = PBXFileReference; lastKnownFileType = text.plist.xml; path = Info.plist; sourceTree = "<group>"; };
		D5D14A6F2420B1ED009A6AC1 /* MNIST.mlmodel */ = {isa = PBXFileReference; lastKnownFileType = file.mlmodel; path = MNIST.mlmodel; sourceTree = "<group>"; };
		F0850199849DBD84843D4451 /* Pods-SudokuParser.debug.xcconfig */ = {isa = PBXFileReference; includeInIndex = 1; lastKnownFileType = text.xcconfig; name = "Pods-SudokuParser.debug.xcconfig"; path = "Target Support Files/Pods-SudokuParser/Pods-SudokuParser.debug.xcconfig"; sourceTree = "<group>"; };
/* End PBXFileReference section */

/* Begin PBXFrameworksBuildPhase section */
		D5791038241F0746000129CC /* Frameworks */ = {
			isa = PBXFrameworksBuildPhase;
			buildActionMask = 2147483647;
			files = (
				5DA8EC9BA890632B24124CF8 /* Pods_SudokuParser.framework in Frameworks */,
			);
			runOnlyForDeploymentPostprocessing = 0;
		};
/* End PBXFrameworksBuildPhase section */

/* Begin PBXGroup section */
		3BA97A18B92F6292EB04647C /* Pods */ = {
			isa = PBXGroup;
			children = (
				F0850199849DBD84843D4451 /* Pods-SudokuParser.debug.xcconfig */,
				BF20FBD017F9A9ED184511BA /* Pods-SudokuParser.release.xcconfig */,
			);
			path = Pods;
			sourceTree = "<group>";
		};
		4D1D0CE49C09222C538E5A5F /* Frameworks */ = {
			isa = PBXGroup;
			children = (
				CBF439C842367994862068FA /* Pods_SudokuParser.framework */,
			);
			name = Frameworks;
			sourceTree = "<group>";
		};
		D5791032241F0746000129CC = {
			isa = PBXGroup;
			children = (
				D579103D241F0746000129CC /* SudokuParser */,
				D579103C241F0746000129CC /* Products */,
				3BA97A18B92F6292EB04647C /* Pods */,
				4D1D0CE49C09222C538E5A5F /* Frameworks */,
			);
			sourceTree = "<group>";
		};
		D579103C241F0746000129CC /* Products */ = {
			isa = PBXGroup;
			children = (
				D579103B241F0746000129CC /* SudokuParser.app */,
			);
			name = Products;
			sourceTree = "<group>";
		};
		D579103D241F0746000129CC /* SudokuParser */ = {
			isa = PBXGroup;
			children = (
				D579103E241F0746000129CC /* AppDelegate.swift */,
				D569A69F241F77E000A8D9B3 /* numbers.mlmodel */,
				D5791040241F0746000129CC /* SceneDelegate.swift */,
				D5D14A6F2420B1ED009A6AC1 /* MNIST.mlmodel */,
				D5791042241F0746000129CC /* ViewController.swift */,
				D5791044241F0746000129CC /* Main.storyboard */,
				D5791047241F0748000129CC /* Assets.xcassets */,
				D5791049241F0748000129CC /* LaunchScreen.storyboard */,
				D579104C241F0748000129CC /* Info.plist */,
			);
			path = SudokuParser;
			sourceTree = "<group>";
		};
/* End PBXGroup section */

/* Begin PBXNativeTarget section */
		D579103A241F0746000129CC /* SudokuParser */ = {
			isa = PBXNativeTarget;
			buildConfigurationList = D579104F241F0748000129CC /* Build configuration list for PBXNativeTarget "SudokuParser" */;
			buildPhases = (
				ECF2601E022619CF738C0EB2 /* [CP] Check Pods Manifest.lock */,
				D5791037241F0746000129CC /* Sources */,
				D5791038241F0746000129CC /* Frameworks */,
				D5791039241F0746000129CC /* Resources */,
			);
			buildRules = (
			);
			dependencies = (
			);
			name = SudokuParser;
			productName = SudokuParser;
			productReference = D579103B241F0746000129CC /* SudokuParser.app */;
			productType = "com.apple.product-type.application";
		};
/* End PBXNativeTarget section */

/* Begin PBXProject section */
		D5791033241F0746000129CC /* Project object */ = {
			isa = PBXProject;
			attributes = {
				LastSwiftUpdateCheck = 1130;
				LastUpgradeCheck = 1130;
				ORGANIZATIONNAME = "Lan Chee Hong (HLB)";
				TargetAttributes = {
					D579103A241F0746000129CC = {
						CreatedOnToolsVersion = 11.3.1;
					};
				};
			};
			buildConfigurationList = D5791036241F0746000129CC /* Build configuration list for PBXProject "SudokuParser" */;
			compatibilityVersion = "Xcode 9.3";
			developmentRegion = en;
			hasScannedForEncodings = 0;
			knownRegions = (
				en,
				Base,
			);
			mainGroup = D5791032241F0746000129CC;
			productRefGroup = D579103C241F0746000129CC /* Products */;
			projectDirPath = "";
			projectRoot = "";
			targets = (
				D579103A241F0746000129CC /* SudokuParser */,
			);
		};
/* End PBXProject section */

/* Begin PBXResourcesBuildPhase section */
		D5791039241F0746000129CC /* Resources */ = {
			isa = PBXResourcesBuildPhase;
			buildActionMask = 2147483647;
			files = (
				D579104B241F0748000129CC /* LaunchScreen.storyboard in Resources */,
				D5791048241F0748000129CC /* Assets.xcassets in Resources */,
				D5791046241F0746000129CC /* Main.storyboard in Resources */,
			);
			runOnlyForDeploymentPostprocessing = 0;
		};
/* End PBXResourcesBuildPhase section */

/* Begin PBXShellScriptBuildPhase section */
		ECF2601E022619CF738C0EB2 /* [CP] Check Pods Manifest.lock */ = {
			isa = PBXShellScriptBuildPhase;
			buildActionMask = 2147483647;
			files = (
			);
			inputFileListPaths = (
			);
			inputPaths = (
				"${PODS_PODFILE_DIR_PATH}/Podfile.lock",
				"${PODS_ROOT}/Manifest.lock",
			);
			name = "[CP] Check Pods Manifest.lock";
			outputFileListPaths = (
			);
			outputPaths = (
				"$(DERIVED_FILE_DIR)/Pods-SudokuParser-checkManifestLockResult.txt",
			);
			runOnlyForDeploymentPostprocessing = 0;
			shellPath = /bin/sh;
			shellScript = "diff \"${PODS_PODFILE_DIR_PATH}/Podfile.lock\" \"${PODS_ROOT}/Manifest.lock\" > /dev/null\nif [ $? != 0 ] ; then\n    # print error to STDERR\n    echo \"error: The sandbox is not in sync with the Podfile.lock. Run 'pod install' or update your CocoaPods installation.\" >&2\n    exit 1\nfi\n# This output is used by Xcode 'outputs' to avoid re-running this script phase.\necho \"SUCCESS\" > \"${SCRIPT_OUTPUT_FILE_0}\"\n";
			showEnvVarsInLog = 0;
		};
/* End PBXShellScriptBuildPhase section */

/* Begin PBXSourcesBuildPhase section */
		D5791037241F0746000129CC /* Sources */ = {
			isa = PBXSourcesBuildPhase;
			buildActionMask = 2147483647;
			files = (
				D5791043241F0746000129CC /* ViewController.swift in Sources */,
				D579103F241F0746000129CC /* AppDelegate.swift in Sources */,
				D5791041241F0746000129CC /* SceneDelegate.swift in Sources */,
				D5D14A702420B1ED009A6AC1 /* MNIST.mlmodel in Sources */,
				D569A6A0241F77E000A8D9B3 /* numbers.mlmodel in Sources */,
			);
			runOnlyForDeploymentPostprocessing = 0;
		};
/* End PBXSourcesBuildPhase section */

/* Begin PBXVariantGroup section */
		D5791044241F0746000129CC /* Main.storyboard */ = {
			isa = PBXVariantGroup;
			children = (
				D5791045241F0746000129CC /* Base */,
			);
			name = Main.storyboard;
			sourceTree = "<group>";
		};
		D5791049241F0748000129CC /* LaunchScreen.storyboard */ = {
			isa = PBXVariantGroup;
			children = (
				D579104A241F0748000129CC /* Base */,
			);
			name = LaunchScreen.storyboard;
			sourceTree = "<group>";
		};
/* End PBXVariantGroup section */

/* Begin XCBuildConfiguration section */
		D579104D241F0748000129CC /* Debug */ = {
			isa = XCBuildConfiguration;
			buildSettings = {
				ALWAYS_SEARCH_USER_PATHS = NO;
				CLANG_ANALYZER_NONNULL = YES;
				CLANG_ANALYZER_NUMBER_OBJECT_CONVERSION = YES_AGGRESSIVE;
				CLANG_CXX_LANGUAGE_STANDARD = "gnu++14";
				CLANG_CXX_LIBRARY = "libc++";
				CLANG_ENABLE_MODULES = YES;
				CLANG_ENABLE_OBJC_ARC = YES;
				CLANG_ENABLE_OBJC_WEAK = YES;
				CLANG_WARN_BLOCK_CAPTURE_AUTORELEASING = YES;
				CLANG_WARN_BOOL_CONVERSION = YES;
				CLANG_WARN_COMMA = YES;
				CLANG_WARN_CONSTANT_CONVERSION = YES;
				CLANG_WARN_DEPRECATED_OBJC_IMPLEMENTATIONS = YES;
				CLANG_WARN_DIRECT_OBJC_ISA_USAGE = YES_ERROR;
				CLANG_WARN_DOCUMENTATION_COMMENTS = YES;
				CLANG_WARN_EMPTY_BODY = YES;
				CLANG_WARN_ENUM_CONVERSION = YES;
				CLANG_WARN_INFINITE_RECURSION = YES;
				CLANG_WARN_INT_CONVERSION = YES;
				CLANG_WARN_NON_LITERAL_NULL_CONVERSION = YES;
				CLANG_WARN_OBJC_IMPLICIT_RETAIN_SELF = YES;
				CLANG_WARN_OBJC_LITERAL_CONVERSION = YES;
				CLANG_WARN_OBJC_ROOT_CLASS = YES_ERROR;
				CLANG_WARN_RANGE_LOOP_ANALYSIS = YES;
				CLANG_WARN_STRICT_PROTOTYPES = YES;
				CLANG_WARN_SUSPICIOUS_MOVE = YES;
				CLANG_WARN_UNGUARDED_AVAILABILITY = YES_AGGRESSIVE;
				CLANG_WARN_UNREACHABLE_CODE = YES;
				CLANG_WARN__DUPLICATE_METHOD_MATCH = YES;
				COPY_PHASE_STRIP = NO;
				DEBUG_INFORMATION_FORMAT = dwarf;
				ENABLE_STRICT_OBJC_MSGSEND = YES;
				ENABLE_TESTABILITY = YES;
				GCC_C_LANGUAGE_STANDARD = gnu11;
				GCC_DYNAMIC_NO_PIC = NO;
				GCC_NO_COMMON_BLOCKS = YES;
				GCC_OPTIMIZATION_LEVEL = 0;
				GCC_PREPROCESSOR_DEFINITIONS = (
					"DEBUG=1",
					"$(inherited)",
				);
				GCC_WARN_64_TO_32_BIT_CONVERSION = YES;
				GCC_WARN_ABOUT_RETURN_TYPE = YES_ERROR;
				GCC_WARN_UNDECLARED_SELECTOR = YES;
				GCC_WARN_UNINITIALIZED_AUTOS = YES_AGGRESSIVE;
				GCC_WARN_UNUSED_FUNCTION = YES;
				GCC_WARN_UNUSED_VARIABLE = YES;
				IPHONEOS_DEPLOYMENT_TARGET = 13.2;
				MTL_ENABLE_DEBUG_INFO = INCLUDE_SOURCE;
				MTL_FAST_MATH = YES;
				ONLY_ACTIVE_ARCH = YES;
				SDKROOT = iphoneos;
				SWIFT_ACTIVE_COMPILATION_CONDITIONS = DEBUG;
				SWIFT_OPTIMIZATION_LEVEL = "-Onone";
			};
			name = Debug;
		};
		D579104E241F0748000129CC /* Release */ = {
			isa = XCBuildConfiguration;
			buildSettings = {
				ALWAYS_SEARCH_USER_PATHS = NO;
				CLANG_ANALYZER_NONNULL = YES;
				CLANG_ANALYZER_NUMBER_OBJECT_CONVERSION = YES_AGGRESSIVE;
				CLANG_CXX_LANGUAGE_STANDARD = "gnu++14";
				CLANG_CXX_LIBRARY = "libc++";
				CLANG_ENABLE_MODULES = YES;
				CLANG_ENABLE_OBJC_ARC = YES;
				CLANG_ENABLE_OBJC_WEAK = YES;
				CLANG_WARN_BLOCK_CAPTURE_AUTORELEASING = YES;
				CLANG_WARN_BOOL_CONVERSION = YES;
				CLANG_WARN_COMMA = YES;
				CLANG_WARN_CONSTANT_CONVERSION = YES;
				CLANG_WARN_DEPRECATED_OBJC_IMPLEMENTATIONS = YES;
				CLANG_WARN_DIRECT_OBJC_ISA_USAGE = YES_ERROR;
				CLANG_WARN_DOCUMENTATION_COMMENTS = YES;
				CLANG_WARN_EMPTY_BODY = YES;
				CLANG_WARN_ENUM_CONVERSION = YES;
				CLANG_WARN_INFINITE_RECURSION = YES;
				CLANG_WARN_INT_CONVERSION = YES;
				CLANG_WARN_NON_LITERAL_NULL_CONVERSION = YES;
				CLANG_WARN_OBJC_IMPLICIT_RETAIN_SELF = YES;
				CLANG_WARN_OBJC_LITERAL_CONVERSION = YES;
				CLANG_WARN_OBJC_ROOT_CLASS = YES_ERROR;
				CLANG_WARN_RANGE_LOOP_ANALYSIS = YES;
				CLANG_WARN_STRICT_PROTOTYPES = YES;
				CLANG_WARN_SUSPICIOUS_MOVE = YES;
				CLANG_WARN_UNGUARDED_AVAILABILITY = YES_AGGRESSIVE;
				CLANG_WARN_UNREACHABLE_CODE = YES;
				CLANG_WARN__DUPLICATE_METHOD_MATCH = YES;
				COPY_PHASE_STRIP = NO;
				DEBUG_INFORMATION_FORMAT = "dwarf-with-dsym";
				ENABLE_NS_ASSERTIONS = NO;
				ENABLE_STRICT_OBJC_MSGSEND = YES;
				GCC_C_LANGUAGE_STANDARD = gnu11;
				GCC_NO_COMMON_BLOCKS = YES;
				GCC_WARN_64_TO_32_BIT_CONVERSION = YES;
				GCC_WARN_ABOUT_RETURN_TYPE = YES_ERROR;
				GCC_WARN_UNDECLARED_SELECTOR = YES;
				GCC_WARN_UNINITIALIZED_AUTOS = YES_AGGRESSIVE;
				GCC_WARN_UNUSED_FUNCTION = YES;
				GCC_WARN_UNUSED_VARIABLE = YES;
				IPHONEOS_DEPLOYMENT_TARGET = 13.2;
				MTL_ENABLE_DEBUG_INFO = NO;
				MTL_FAST_MATH = YES;
				SDKROOT = iphoneos;
				SWIFT_COMPILATION_MODE = wholemodule;
				SWIFT_OPTIMIZATION_LEVEL = "-O";
				VALIDATE_PRODUCT = YES;
			};
			name = Release;
		};
		D5791050241F0748000129CC /* Debug */ = {
			isa = XCBuildConfiguration;
			baseConfigurationReference = F0850199849DBD84843D4451 /* Pods-SudokuParser.debug.xcconfig */;
			buildSettings = {
				ASSETCATALOG_COMPILER_APPICON_NAME = AppIcon;
				CODE_SIGN_STYLE = Automatic;
				DEVELOPMENT_TEAM = ZC63U9U93Y;
				INFOPLIST_FILE = SudokuParser/Info.plist;
				LD_RUNPATH_SEARCH_PATHS = (
					"$(inherited)",
					"@executable_path/Frameworks",
				);
				PRODUCT_BUNDLE_IDENTIFIER = tester.SudokuParser;
				PRODUCT_NAME = "$(TARGET_NAME)";
				SWIFT_VERSION = 5.0;
				TARGETED_DEVICE_FAMILY = "1,2";
			};
			name = Debug;
		};
		D5791051241F0748000129CC /* Release */ = {
			isa = XCBuildConfiguration;
			baseConfigurationReference = BF20FBD017F9A9ED184511BA /* Pods-SudokuParser.release.xcconfig */;
			buildSettings = {
				ASSETCATALOG_COMPILER_APPICON_NAME = AppIcon;
				CODE_SIGN_STYLE = Automatic;
				DEVELOPMENT_TEAM = ZC63U9U93Y;
				INFOPLIST_FILE = SudokuParser/Info.plist;
				LD_RUNPATH_SEARCH_PATHS = (
					"$(inherited)",
					"@executable_path/Frameworks",
				);
				PRODUCT_BUNDLE_IDENTIFIER = tester.SudokuParser;
				PRODUCT_NAME = "$(TARGET_NAME)";
				SWIFT_VERSION = 5.0;
				TARGETED_DEVICE_FAMILY = "1,2";
			};
			name = Release;
		};
/* End XCBuildConfiguration section */

/* Begin XCConfigurationList section */
		D5791036241F0746000129CC /* Build configuration list for PBXProject "SudokuParser" */ = {
			isa = XCConfigurationList;
			buildConfigurations = (
				D579104D241F0748000129CC /* Debug */,
				D579104E241F0748000129CC /* Release */,
			);
			defaultConfigurationIsVisible = 0;
			defaultConfigurationName = Release;
		};
		D579104F241F0748000129CC /* Build configuration list for PBXNativeTarget "SudokuParser" */ = {
			isa = XCConfigurationList;
			buildConfigurations = (
				D5791050241F0748000129CC /* Debug */,
				D5791051241F0748000129CC /* Release */,
			);
			defaultConfigurationIsVisible = 0;
			defaultConfigurationName = Release;
		};
/* End XCConfigurationList section */
	};
	rootObject = D5791033241F0746000129CC /* Project object */;
}
